<?xml version="1.0" encoding="UTF-8" standalone="yes" ?>
<CodeBlocks_project_file>
	<FileVersion major="1" minor="6" />
	<Project>
		<Option title="RobotSimulation" />
		<Option pch_mode="2" />
		<Option compiler="gcc" />
		<Build>
			<Target title="Debug">
				<Option output="bin/Debug/RobotSimulation" prefix_auto="1" extension_auto="1" />
				<Option object_output="obj/Debug/" />
				<Option type="1" />
				<Option compiler="gcc" />
				<Compiler>
					<Add option="-g" />
					<Add directory="../../include" />
				</Compiler>
				<Linker>
					<Add library="../../lib/vector.a" />
					<Add directory="../../lib" />
				</Linker>
			</Target>
			<Target title="Release">
				<Option output="bin/Release/RobotSimulation" prefix_auto="1" extension_auto="1" />
				<Option object_output="obj/Release/" />
				<Option type="1" />
				<Option compiler="gcc" />
				<Compiler>
					<Add option="-O2" />
				</Compiler>
				<Linker>
					<Add option="-s" />
				</Linker>
			</Target>
		</Build>
		<Compiler>
			<Add option="-Wall" />
		</Compiler>
		<Unit filename="RobotSimulation.cpp" />
		<Unit filename="angle.cpp" />
		<Unit filename="angle.h" />
		<Unit filename="ball.cpp" />
		<Unit filename="ball.h" />
		<Unit filename="point.cpp" />
		<Unit filename="point.h" />
		<Unit filename="robot.cpp" />
		<Unit filename="robot.h" />
		<Unit filename="sensors.cpp" />
		<Unit filename="sensors.h" />
		<Extensions>
			<code_completion />
			<envvars />
			<debugger />
			<lib_finder disable_auto="1" />
		</Extensions>
	</Project>
</CodeBlocks_project_file>
