<?xml version="1.0" encoding="UTF-8" standalone="yes" ?>
<CodeBlocks_project_file>
	<FileVersion major="1" minor="6" />
	<Project>
		<Option title="motionControl" />
		<Option pch_mode="2" />
		<Option compiler="gcc" />
		<Build>
			<Target title="Release">
				<Option output="bin/Release/motionControl" prefix_auto="1" extension_auto="1" />
				<Option object_output="obj/Release/" />
				<Option type="1" />
				<Option compiler="gcc" />
				<Compiler>
					<Add option="-O2" />
				</Compiler>
				<Linker>
					<Add option="-s" />
				</Linker>
			</Target>
		</Build>
		<Compiler>
			<Add option="-Wall" />
			<Add directory="/bbusr/include" />
		</Compiler>
		<Linker>
			<Add option="-lbbcan" />
			<Add option="-lbbdebug" />
			<Add option="-lbbipc" />
			<Add option="-lboost_system" />
			<Add option="-lboost_thread" />
			<Add option="-pthread" />
			<Add option="-lbbvector" />
			<Add directory="/bbusr/lib" />
		</Linker>
		<Unit filename="extendedMotionController.cpp" />
		<Unit filename="extendedMotionController.h" />
		<Unit filename="main.cpp" />
		<Unit filename="motionControl.cpp" />
		<Unit filename="motionControl.h" />
		<Unit filename="motionController.cpp" />
		<Unit filename="motionController.h" />
		<Unit filename="motor.cpp" />
		<Unit filename="motor.h" />
		<Extensions>
			<code_completion />
			<envvars />
			<debugger />
			<lib_finder disable_auto="1" />
		</Extensions>
	</Project>
</CodeBlocks_project_file>
