<?xml version="1.0" encoding="UTF-8" standalone="yes" ?>
<CodeBlocks_project_file>
	<FileVersion major="1" minor="6" />
	<Project>
		<Option title="bbdebug" />
		<Option pch_mode="2" />
		<Option compiler="gcc" />
		<Build>
			<Target title="Release">
				<Option output="libbbdebug" prefix_auto="1" extension_auto="1" />
				<Option working_dir="" />
				<Option object_output="obj/Release/" />
				<Option type="2" />
				<Option compiler="gcc" />
				<Option createDefFile="1" />
				<Compiler>
					<Add option="-Wall" />
					<Add option="-O2" />
				</Compiler>
				<Linker>
					<Add option="-s" />
				</Linker>
			</Target>
			<Target title="ARM">
				<Option output="libbbdebug" prefix_auto="1" extension_auto="1" />
				<Option working_dir="" />
				<Option object_output="obj/ARM/" />
				<Option type="3" />
				<Option compiler="armelfgcc" />
				<Option createDefFile="1" />
				<Compiler>
					<Add option="-Wall" />
				</Compiler>
			</Target>
		</Build>
		<Compiler>
			<Add option="-fPIC" />
			<Add directory="../../../include" />
		</Compiler>
		<Linker>
			<Add option="-lbbipc" />
			<Add directory="../../../lib" />
		</Linker>
		<Unit filename="bbdebug.cpp" />
		<Unit filename="bbdebug.h" />
		<Extensions>
			<code_completion />
			<envvars />
			<debugger />
			<lib_finder disable_auto="1" />
		</Extensions>
	</Project>
</CodeBlocks_project_file>
